%{"bugsnag": {:git, "git://github.com/camshaft/bugsnag-elixir.git", "17c3611141ec91ab0e81bca60df9a02d309b208e", []},
  "con_cache": {:hex, :con_cache, "0.11.0", "95a1b163db9a7a45eda6626a5f536c81af95b703a33103a2574836b29881215c", [:mix], [{:exactor, "~> 2.2.0", [hex: :exactor, optional: false]}]},
  "concerto": {:hex, :concerto, "0.1.4", "4c4a0c4208aef8f094035d0cc8c6db3aea32726cdea1a6d41a89b04037339f64", [:mix], []},
  "cors_plug": {:hex, :cors_plug, "0.0.3", "dcc56c3a3df8536d5457c13d53aef576dd4dfc17392a49758c8e1cf36efe51e4", [:mix], [{:plug, "~> 0.8.1", [hex: :plug, optional: false]}, {:cowboy, "~> 1.0.0", [hex: :cowboy, optional: false]}]},
  "cowboy": {:hex, :cowboy, "1.0.0", "d0b46a5e5f971c5543eb46f86fe76b9add567d12fb5262a852b8f27c64c0555d", [:make, :rebar], [{:cowlib, "~> 1.0.0", [hex: :cowlib, optional: false]}, {:ranch, "~> 1.0", [hex: :ranch, optional: false]}]},
  "cowlib": {:hex, :cowlib, "1.0.2", "9d769a1d062c9c3ac753096f868ca121e2730b9a377de23dec0f7e08b1df84ee", [:make], []},
  "csv": {:hex, :csv, "1.1.4", "2569c7212150d157a57a3577becacfa2e346a3afea698708851686acdcd28d04", [:mix], []},
  "decimal": {:hex, :decimal, "1.1.2", "79a769d4657b2d537b51ef3c02d29ab7141d2b486b516c109642d453ee08e00c", [:mix], []},
  "ecto": {:hex, :ecto, "1.0.7", "d8deca5d5a03e7c9ed4821e6f1f85dad736aca960785f154e3a8c1bee1aeaa13", [:mix], [{:sbroker, "~> 0.7", [hex: :sbroker, optional: true]}, {:postgrex, "~> 0.9.1", [hex: :postgrex, optional: true]}, {:poolboy, "~> 1.4", [hex: :poolboy, optional: false]}, {:poison, "~> 1.0", [hex: :poison, optional: true]}, {:mariaex, "~> 0.4.1", [hex: :mariaex, optional: true]}, {:decimal, "~> 1.0", [hex: :decimal, optional: false]}]},
  "edown": {:git, "git://github.com/uwiger/edown.git", "d864427506cd93a00712b7c3b9a89d793e7e1600", [branch: "master"]},
  "etude": {:hex, :etude, "0.3.7", "540f38a94bddd96cfd9e26a5336dcbc846a636906ac1780056e35dd37908b56e", [:mix], [{:rebind, "~> 0.1.0", [hex: :rebind, optional: false]}, {:lineo, "~> 0.1.0", [hex: :lineo, optional: false]}]},
  "exactor": {:hex, :exactor, "2.2.0", "2a7418b82d974fe8276edd62c1facf4a9dc06339cdf11b5dcd10359e107fe5c3", [:mix], []},
  "excoveralls": {:hex, :excoveralls, "0.5.4", "1a6e116bcf980da8b7fe33140c1d7e61aa0a4e51951cadbfacc420c12d2b9b8f", [:mix], [{:hackney, ">= 0.12.0", [hex: :hackney, optional: false]}, {:exjsx, "~> 3.0", [hex: :exjsx, optional: false]}]},
  "exjsx": {:hex, :exjsx, "3.1.0", "d419162cb2d5be80070835c2c2b8c78c8c45907706c991d23f3750dae506d1e9", [:mix], [{:jsx, "~> 2.4.0", [hex: :jsx, optional: false]}]},
  "fast_key": {:git, "git://github.com/camshaft/fast_key.git", "17228e328a3776d138ccb5f305437bfb5e9f8be0", []},
  "fugue": {:hex, :fugue, "0.1.3", "7fa8d0f82603d02ebfb719ffb389bbf69a80d0b02addb889f18c9613c3ca5fe0", [:mix], [{:plug, "~> 1.0", [hex: :plug, optional: true]}]},
  "goldrush": {:hex, :goldrush, "0.1.8", "2024ba375ceea47e27ea70e14d2c483b2d8610101b4e852ef7f89163cdb6e649", [:rebar3], []},
  "hackney": {:hex, :hackney, "0.14.3", "fb8c6946bef651c6796f46fbee5d3891581b755baa9d373bc2da97c0ffa56ff1", [:make, :rebar], [{:idna, "1.0.1", [hex: :idna, optional: false]}]},
  "html_builder": {:hex, :html_builder, "0.1.1", "b0e5892f803413b2e9db674b6ada0c38e6e13e96ac2354589e101eded9517eb5", [:mix], []},
  "httpoison": {:hex, :httpoison, "0.5.0", "9b3da68923a823de9abd5f563ecf0fe844954ebb108158eadec1d68c361a7b6e", [:mix], [{:hackney, "~> 0.14.1", [hex: :hackney, optional: false]}]},
  "idna": {:hex, :idna, "1.0.1", "bfbf4ae0f4d346d46726d9d3084a84ffaef5fd2a0299090da07dcf65ea2088eb", [:make], []},
  "jsx": {:hex, :jsx, "2.4.0", "fb83830ac15e981b6ce310b645324ceecd01b1e0847d23921c33df829de5d2db", [:mix], []},
  "lager": {:hex, :lager, "2.1.1", "8e389f916384abf5f62169969bd7515c4c252cbbda53feebbef90f47db5eaad1", [:make, :rebar], [{:goldrush, "~> 0.1.6", [hex: :goldrush, optional: false]}]},
  "lineo": {:hex, :lineo, "0.1.0", "3b6c5f6a22336d7eaaa177b9392f26da6be76ebad6f87b4e84a10463820bb893", [:mix], []},
  "mazurka": {:hex, :mazurka, "0.3.37", "2b7e56da642cf59d2dcf6efcb8ae0b00a01a2f9648e7db6b86559dc91d322e2f", [:mix], [{:xml_builder, "~> 0.0.8", [hex: :xml_builder, optional: false]}, {:poison, ">= 1.4.0", [hex: :poison, optional: false]}, {:plug, ">= 0.9.0", [hex: :plug, optional: false]}, {:mimetype_parser, "~> 0.1.0", [hex: :mimetype_parser, optional: false]}, {:mazurka_dsl, "~> 0.1.1", [hex: :mazurka_dsl, optional: true]}, {:html_builder, "~> 0.1.0", [hex: :html_builder, optional: false]}, {:etude, "~> 0.3.7", [hex: :etude, optional: false]}, {:ecto, "~> 1.0.0", [hex: :ecto, optional: false]}]},
  "mazurka_dsl": {:hex, :mazurka_dsl, "0.1.1", "b789763a9dfffccb386290020dad92e598f2834849745336c1c07ac45542e992", [:mix], []},
  "mazurka_mediatype": {:hex, :mazurka_mediatype, "0.2.0", "748cf55e933befac6a72a7cdfa63968deb7c9724bc18d804a4e78bb6c6c67d6b", [:mix], [{:etude, ">= 0.1.0", [hex: :etude, optional: false]}]},
  "mazurka_mediatype_hyperjson": {:hex, :mazurka_mediatype_hyperjson, "0.2.3", "e02d9f095766df67b4385047c6caf86884f2e099c238caff901fae968fdaaa5f", [:mix], [{:poison, "~> 1.3.1", [hex: :poison, optional: false]}, {:mazurka_mediatype, ">= 0.2.0", [hex: :mazurka_mediatype, optional: false]}, {:etude, ">= 0.1.0", [hex: :etude, optional: false]}]},
  "mimetype_parser": {:hex, :mimetype_parser, "0.1.2", "221d2d3f727e89d80de5e1610fc2ce444514aa56f873da1b8fc9c033143e5d6a", [:mix], []},
  "nile": {:hex, :nile, "0.1.3", "088846c3fda04fcc077ad7240d07c31f1db6a226ae1d02afe7220efc13661a22", [:mix], []},
  "parse_trans": {:git, "git://github.com/uwiger/parse_trans.git", "4fadce8a5242479b4ebc0d2b5825bdfe1de0af1c", []},
  "plug": {:hex, :plug, "0.13.1", "a1b3bd841400471203ee413277e5cf13f8ca59215e61736f4b2f7def9ea98612", [:mix], [{:cowboy, "~> 1.0", [hex: :cowboy, optional: true]}]},
  "plug_accept_language": {:hex, :plug_accept_language, "0.1.0", "2af0d48a0e8c32d78688ba870e1fef13821bea4a4a71959fb2989aa5c51fb858", [:mix], []},
  "plug_wait1": {:hex, :plug_wait1, "0.1.5", "30d5729e001643a530a4645c8cb530063a53a5289293bd3f26db78620628e6c4", [:mix], [{:poison, "~> 1.3.1", [hex: :poison, optional: false]}, {:plug, "~> 0.13.0", [hex: :plug, optional: false]}, {:cowboy, ">= 1.0.0", [hex: :cowboy, optional: false]}]},
  "plug_x_forwarded_for": {:hex, :plug_x_forwarded_for, "0.1.0", "7b69351d17b023b4d8c419a65837b9790451fda38400efeb6e71ddc694ff8256", [:mix], []},
  "plugsnag": {:git, "git://github.com/camshaft/plugsnag.git", "91b52b044a4605eb3facc35f9588ddcf0661b02f", []},
  "poison": {:hex, :poison, "1.4.0", "cd5afb9db7f0d19487572fa28185b6d4de647f14235746824e77b3139b79b725", [:mix], []},
  "poolboy": {:hex, :poolboy, "1.5.1", "6b46163901cfd0a1b43d692657ed9d7e599853b3b21b95ae5ae0a777cf9b6ca8", [:rebar], []},
  "postgrex": {:hex, :postgrex, "0.9.1", "a7c9d4b3cc70b4b8c73190e0d462e057e22e1597954deb422fc45d5183463d61", [:mix], [{:decimal, "~> 1.0", [hex: :decimal, optional: false]}]},
  "ranch": {:hex, :ranch, "1.2.1", "a6fb992c10f2187b46ffd17ce398ddf8a54f691b81768f9ef5f461ea7e28c762", [:make], []},
  "rebind": {:hex, :rebind, "0.1.3", "5f807fdfb5adc221f16e4e79f6f6ac81ab81b3d2c2038f33a84071666bffa5a0", [:mix], []},
  "redo": {:hex, :redo, "2.0.1", "b895c67f4c1266db8fecca0079fbab65bdfaf7c2f5618c8edbdbf4800e7e248b", [:rebar], []},
  "rl": {:git, "git://github.com/camshaft/rl.git", "2f9b194fe6faf3681913bbdddb3ccfa338f869cd", []},
  "simple_env": {:git, "git://github.com/camshaft/simple_env.git", "1a1ed6717397110fb66d01c73f7052a3a19debf8", []},
  "slugger": {:hex, :slugger, "0.1.0", "04a0f2da7e0770d41eb15e166aa2b1f8fcd26a80f43ed96d56b1b1d4bc5075df", [:mix], []},
  "xml_builder": {:hex, :xml_builder, "0.0.8", "dea10735e15c91e24582e41ee2d3282b7f0177a5b42d6268096a6221ba83226f", [:mix], []}}
